
Microsoft Visual Studio Solution File, Format Version 12.00
# Visual Studio Version 17
VisualStudioVersion = 17.9.34607.119
MinimumVisualStudioVersion = 10.0.40219.1
Project("{FAE04EC0-301F-11D3-BF4B-00C04F79EFBC}") = "ElContadorPampero", "ElContadorPampero\ElContadorPampero.csproj", "{40449B28-74BC-4730-88EF-4328F24A9EFE}"
EndProject
Global
	GlobalSection(SolutionConfigurationPlatforms) = preSolution
		Debug|Any CPU = Debug|Any CPU
		Release|Any CPU = Release|Any CPU
	EndGlobalSection
	GlobalSection(ProjectConfigurationPlatforms) = postSolution
		{40449B28-74BC-4730-88EF-4328F24A9EFE}.Debug|Any CPU.ActiveCfg = Debug|Any CPU
		{40449B28-74BC-4730-88EF-4328F24A9EFE}.Debug|Any CPU.Build.0 = Debug|Any CPU
		{40449B28-74BC-4730-88EF-4328F24A9EFE}.Release|Any CPU.ActiveCfg = Release|Any CPU
		{40449B28-74BC-4730-88EF-4328F24A9EFE}.Release|Any CPU.Build.0 = Release|Any CPU
	EndGlobalSection
	GlobalSection(SolutionProperties) = preSolution
		HideSolutionNode = FALSE
	EndGlobalSection
	GlobalSection(ExtensibilityGlobals) = postSolution
		SolutionGuid = {84106607-077F-4A91-BE21-DD7AE5DA16C2}
	EndGlobalSection
EndGlobal
